
Microsoft Visual Studio Solution File, Format Version 12.00
# Visual Studio Version 16
VisualStudioVersion = 16.0.31019.35
MinimumVisualStudioVersion = 10.0.40219.1
Project("{FAE04EC0-301F-11D3-BF4B-00C04F79EFBC}") = "TovarForAnimals", "TovarForAnimals\TovarForAnimals.csproj", "{DE0F3035-E6CF-4B5E-9E5D-3F5F83DA5B28}"
EndProject
Global
	GlobalSection(SolutionConfigurationPlatforms) = preSolution
		Debug|Any CPU = Debug|Any CPU
		Release|Any CPU = Release|Any CPU
	EndGlobalSection
	GlobalSection(ProjectConfigurationPlatforms) = postSolution
		{DE0F3035-E6CF-4B5E-9E5D-3F5F83DA5B28}.Debug|Any CPU.ActiveCfg = Debug|Any CPU
		{DE0F3035-E6CF-4B5E-9E5D-3F5F83DA5B28}.Debug|Any CPU.Build.0 = Debug|Any CPU
		{DE0F3035-E6CF-4B5E-9E5D-3F5F83DA5B28}.Release|Any CPU.ActiveCfg = Release|Any CPU
		{DE0F3035-E6CF-4B5E-9E5D-3F5F83DA5B28}.Release|Any CPU.Build.0 = Release|Any CPU
	EndGlobalSection
	GlobalSection(SolutionProperties) = preSolution
		HideSolutionNode = FALSE
	EndGlobalSection
	GlobalSection(ExtensibilityGlobals) = postSolution
		SolutionGuid = {FBBCAAD4-85C1-4BFC-A310-11F170AA8ADE}
	EndGlobalSection
EndGlobal
